// !$*UTF8*$!
{
	archiveVersion = 1;
	classes = {
	};
	objectVersion = 48;
	objects = {

/* Begin PBXBuildFile section */
		053233B299D701FFA9649B53 /* Pods_ios_test_input_system_1.framework in Frameworks */ = {isa = PBXBuildFile; fileRef = F4287D11DB35C16A29DDB256 /* Pods_ios_test_input_system_1.framework */; };
		DE4577A320553C0D0075469A /* Cube.swift in Sources */ = {isa = PBXBuildFile; fileRef = DE4577A220553C0D0075469A /* Cube.swift */; };
		DE4577A520553FB90075469A /* Closures.swift in Sources */ = {isa = PBXBuildFile; fileRef = DE4577A420553FB90075469A /* Closures.swift */; };
		DEAC1FFD2054C52500EAD6F0 /* AppDelegate.swift in Sources */ = {isa = PBXBuildFile; fileRef = DEAC1FFC2054C52500EAD6F0 /* AppDelegate.swift */; };
		DEAC20042054C52500EAD6F0 /* Assets.xcassets in Resources */ = {isa = PBXBuildFile; fileRef = DEAC20032054C52500EAD6F0 /* Assets.xcassets */; };
		DEAC20072054C52500EAD6F0 /* LaunchScreen.storyboard in Resources */ = {isa = PBXBuildFile; fileRef = DEAC20052054C52500EAD6F0 /* LaunchScreen.storyboard */; };
		DEAC20132054C58900EAD6F0 /* MainViewController.swift in Sources */ = {isa = PBXBuildFile; fileRef = DEAC20112054C58900EAD6F0 /* MainViewController.swift */; };
		DEAC20142054C58900EAD6F0 /* MainViewController.xib in Resources */ = {isa = PBXBuildFile; fileRef = DEAC20122054C58900EAD6F0 /* MainViewController.xib */; };
		DEAC20172054D2CF00EAD6F0 /* InputIntent.swift in Sources */ = {isa = PBXBuildFile; fileRef = DEAC20162054D2CF00EAD6F0 /* InputIntent.swift */; };
		DEAC20192054D8A400EAD6F0 /* GestureInterface.swift in Sources */ = {isa = PBXBuildFile; fileRef = DEAC20182054D8A400EAD6F0 /* GestureInterface.swift */; };
		DEAC201B2054D8B300EAD6F0 /* ButtonInterface.swift in Sources */ = {isa = PBXBuildFile; fileRef = DEAC201A2054D8B300EAD6F0 /* ButtonInterface.swift */; };
		DEAC201D2054DFDD00EAD6F0 /* Notifications.swift in Sources */ = {isa = PBXBuildFile; fileRef = DEAC201C2054DFDD00EAD6F0 /* Notifications.swift */; };
		DEAC201F2054E52C00EAD6F0 /* TextDisplay.swift in Sources */ = {isa = PBXBuildFile; fileRef = DEAC201E2054E52C00EAD6F0 /* TextDisplay.swift */; };
/* End PBXBuildFile section */

/* Begin PBXFileReference section */
		1D4EC7C8BD8C4C550BE4AAC2 /* Pods-ios-test-input-system-1.debug.xcconfig */ = {isa = PBXFileReference; includeInIndex = 1; lastKnownFileType = text.xcconfig; name = "Pods-ios-test-input-system-1.debug.xcconfig"; path = "Pods/Target Support Files/Pods-ios-test-input-system-1/Pods-ios-test-input-system-1.debug.xcconfig"; sourceTree = "<group>"; };
		DE1229397960D1C230C9B93F /* Pods-ios-test-input-system-1.release.xcconfig */ = {isa = PBXFileReference; includeInIndex = 1; lastKnownFileType = text.xcconfig; name = "Pods-ios-test-input-system-1.release.xcconfig"; path = "Pods/Target Support Files/Pods-ios-test-input-system-1/Pods-ios-test-input-system-1.release.xcconfig"; sourceTree = "<group>"; };
		DE4577A220553C0D0075469A /* Cube.swift */ = {isa = PBXFileReference; lastKnownFileType = sourcecode.swift; path = Cube.swift; sourceTree = "<group>"; };
		DE4577A420553FB90075469A /* Closures.swift */ = {isa = PBXFileReference; lastKnownFileType = sourcecode.swift; path = Closures.swift; sourceTree = "<group>"; };
		DEAC1FF92054C52500EAD6F0 /* ios-test-input-system-1.app */ = {isa = PBXFileReference; explicitFileType = wrapper.application; includeInIndex = 0; path = "ios-test-input-system-1.app"; sourceTree = BUILT_PRODUCTS_DIR; };
		DEAC1FFC2054C52500EAD6F0 /* AppDelegate.swift */ = {isa = PBXFileReference; lastKnownFileType = sourcecode.swift; path = AppDelegate.swift; sourceTree = "<group>"; };
		DEAC20032054C52500EAD6F0 /* Assets.xcassets */ = {isa = PBXFileReference; lastKnownFileType = folder.assetcatalog; path = Assets.xcassets; sourceTree = "<group>"; };
		DEAC20062054C52500EAD6F0 /* Base */ = {isa = PBXFileReference; lastKnownFileType = file.storyboard; name = Base; path = Base.lproj/LaunchScreen.storyboard; sourceTree = "<group>"; };
		DEAC20082054C52500EAD6F0 /* Info.plist */ = {isa = PBXFileReference; lastKnownFileType = text.plist.xml; path = Info.plist; sourceTree = "<group>"; };
		DEAC20112054C58900EAD6F0 /* MainViewController.swift */ = {isa = PBXFileReference; lastKnownFileType = sourcecode.swift; path = MainViewController.swift; sourceTree = "<group>"; };
		DEAC20122054C58900EAD6F0 /* MainViewController.xib */ = {isa = PBXFileReference; lastKnownFileType = file.xib; path = MainViewController.xib; sourceTree = "<group>"; };
		DEAC20162054D2CF00EAD6F0 /* InputIntent.swift */ = {isa = PBXFileReference; lastKnownFileType = sourcecode.swift; path = InputIntent.swift; sourceTree = "<group>"; };
		DEAC20182054D8A400EAD6F0 /* GestureInterface.swift */ = {isa = PBXFileReference; lastKnownFileType = sourcecode.swift; path = GestureInterface.swift; sourceTree = "<group>"; };
		DEAC201A2054D8B300EAD6F0 /* ButtonInterface.swift */ = {isa = PBXFileReference; lastKnownFileType = sourcecode.swift; path = ButtonInterface.swift; sourceTree = "<group>"; };
		DEAC201C2054DFDD00EAD6F0 /* Notifications.swift */ = {isa = PBXFileReference; lastKnownFileType = sourcecode.swift; path = Notifications.swift; sourceTree = "<group>"; };
		DEAC201E2054E52C00EAD6F0 /* TextDisplay.swift */ = {isa = PBXFileReference; lastKnownFileType = sourcecode.swift; path = TextDisplay.swift; sourceTree = "<group>"; };
		F4287D11DB35C16A29DDB256 /* Pods_ios_test_input_system_1.framework */ = {isa = PBXFileReference; explicitFileType = wrapper.framework; includeInIndex = 0; path = Pods_ios_test_input_system_1.framework; sourceTree = BUILT_PRODUCTS_DIR; };
/* End PBXFileReference section */

/* Begin PBXFrameworksBuildPhase section */
		DEAC1FF62054C52500EAD6F0 /* Frameworks */ = {
			isa = PBXFrameworksBuildPhase;
			buildActionMask = 2147483647;
			files = (
				053233B299D701FFA9649B53 /* Pods_ios_test_input_system_1.framework in Frameworks */,
			);
			runOnlyForDeploymentPostprocessing = 0;
		};
/* End PBXFrameworksBuildPhase section */

/* Begin PBXGroup section */
		0DD008C479639F24D384425E /* Frameworks */ = {
			isa = PBXGroup;
			children = (
				F4287D11DB35C16A29DDB256 /* Pods_ios_test_input_system_1.framework */,
			);
			name = Frameworks;
			sourceTree = "<group>";
		};
		1885554CE60BF7D620F21CA4 /* Pods */ = {
			isa = PBXGroup;
			children = (
				1D4EC7C8BD8C4C550BE4AAC2 /* Pods-ios-test-input-system-1.debug.xcconfig */,
				DE1229397960D1C230C9B93F /* Pods-ios-test-input-system-1.release.xcconfig */,
			);
			name = Pods;
			sourceTree = "<group>";
		};
		DEAC1FF02054C52500EAD6F0 = {
			isa = PBXGroup;
			children = (
				DEAC1FFB2054C52500EAD6F0 /* ios-test-input-system-1 */,
				DEAC1FFA2054C52500EAD6F0 /* Products */,
				1885554CE60BF7D620F21CA4 /* Pods */,
				0DD008C479639F24D384425E /* Frameworks */,
			);
			sourceTree = "<group>";
		};
		DEAC1FFA2054C52500EAD6F0 /* Products */ = {
			isa = PBXGroup;
			children = (
				DEAC1FF92054C52500EAD6F0 /* ios-test-input-system-1.app */,
			);
			name = Products;
			sourceTree = "<group>";
		};
		DEAC1FFB2054C52500EAD6F0 /* ios-test-input-system-1 */ = {
			isa = PBXGroup;
			children = (
				DEAC20102054C57500EAD6F0 /* Main */,
				DEAC1FFC2054C52500EAD6F0 /* AppDelegate.swift */,
				DEAC20032054C52500EAD6F0 /* Assets.xcassets */,
				DEAC20052054C52500EAD6F0 /* LaunchScreen.storyboard */,
				DEAC20082054C52500EAD6F0 /* Info.plist */,
			);
			path = "ios-test-input-system-1";
			sourceTree = "<group>";
		};
		DEAC20102054C57500EAD6F0 /* Main */ = {
			isa = PBXGroup;
			children = (
				DEAC20112054C58900EAD6F0 /* MainViewController.swift */,
				DEAC20122054C58900EAD6F0 /* MainViewController.xib */,
				DEAC20162054D2CF00EAD6F0 /* InputIntent.swift */,
				DEAC20182054D8A400EAD6F0 /* GestureInterface.swift */,
				DEAC201A2054D8B300EAD6F0 /* ButtonInterface.swift */,
				DEAC201C2054DFDD00EAD6F0 /* Notifications.swift */,
				DEAC201E2054E52C00EAD6F0 /* TextDisplay.swift */,
				DE4577A220553C0D0075469A /* Cube.swift */,
				DE4577A420553FB90075469A /* Closures.swift */,
			);
			path = Main;
			sourceTree = "<group>";
		};
/* End PBXGroup section */

/* Begin PBXNativeTarget section */
		DEAC1FF82054C52500EAD6F0 /* ios-test-input-system-1 */ = {
			isa = PBXNativeTarget;
			buildConfigurationList = DEAC200B2054C52500EAD6F0 /* Build configuration list for PBXNativeTarget "ios-test-input-system-1" */;
			buildPhases = (
				0E8E735E5E506A291627A322 /* [CP] Check Pods Manifest.lock */,
				DEAC20152054CFEC00EAD6F0 /* Run SwiftLint */,
				DEAC1FF52054C52500EAD6F0 /* Sources */,
				DEAC1FF62054C52500EAD6F0 /* Frameworks */,
				DEAC1FF72054C52500EAD6F0 /* Resources */,
				0EA478571493DAD1EBAFEB64 /* [CP] Embed Pods Frameworks */,
				01C83DA164F95E95654DD2C0 /* [CP] Copy Pods Resources */,
			);
			buildRules = (
			);
			dependencies = (
			);
			name = "ios-test-input-system-1";
			productName = "ios-test-input-system-1";
			productReference = DEAC1FF92054C52500EAD6F0 /* ios-test-input-system-1.app */;
			productType = "com.apple.product-type.application";
		};
/* End PBXNativeTarget section */

/* Begin PBXProject section */
		DEAC1FF12054C52500EAD6F0 /* Project object */ = {
			isa = PBXProject;
			attributes = {
				LastSwiftUpdateCheck = 0920;
				LastUpgradeCheck = 0920;
				ORGANIZATIONNAME = "Louis Foster";
				TargetAttributes = {
					DEAC1FF82054C52500EAD6F0 = {
						CreatedOnToolsVersion = 9.2;
						ProvisioningStyle = Automatic;
					};
				};
			};
			buildConfigurationList = DEAC1FF42054C52500EAD6F0 /* Build configuration list for PBXProject "ios-test-input-system-1" */;
			compatibilityVersion = "Xcode 8.0";
			developmentRegion = en;
			hasScannedForEncodings = 0;
			knownRegions = (
				en,
				Base,
			);
			mainGroup = DEAC1FF02054C52500EAD6F0;
			productRefGroup = DEAC1FFA2054C52500EAD6F0 /* Products */;
			projectDirPath = "";
			projectRoot = "";
			targets = (
				DEAC1FF82054C52500EAD6F0 /* ios-test-input-system-1 */,
			);
		};
/* End PBXProject section */

/* Begin PBXResourcesBuildPhase section */
		DEAC1FF72054C52500EAD6F0 /* Resources */ = {
			isa = PBXResourcesBuildPhase;
			buildActionMask = 2147483647;
			files = (
				DEAC20072054C52500EAD6F0 /* LaunchScreen.storyboard in Resources */,
				DEAC20042054C52500EAD6F0 /* Assets.xcassets in Resources */,
				DEAC20142054C58900EAD6F0 /* MainViewController.xib in Resources */,
			);
			runOnlyForDeploymentPostprocessing = 0;
		};
/* End PBXResourcesBuildPhase section */

/* Begin PBXShellScriptBuildPhase section */
		01C83DA164F95E95654DD2C0 /* [CP] Copy Pods Resources */ = {
			isa = PBXShellScriptBuildPhase;
			buildActionMask = 2147483647;
			files = (
			);
			inputPaths = (
			);
			name = "[CP] Copy Pods Resources";
			outputPaths = (
			);
			runOnlyForDeploymentPostprocessing = 0;
			shellPath = /bin/sh;
			shellScript = "\"${SRCROOT}/Pods/Target Support Files/Pods-ios-test-input-system-1/Pods-ios-test-input-system-1-resources.sh\"\n";
			showEnvVarsInLog = 0;
		};
		0E8E735E5E506A291627A322 /* [CP] Check Pods Manifest.lock */ = {
			isa = PBXShellScriptBuildPhase;
			buildActionMask = 2147483647;
			files = (
			);
			inputPaths = (
				"${PODS_PODFILE_DIR_PATH}/Podfile.lock",
				"${PODS_ROOT}/Manifest.lock",
			);
			name = "[CP] Check Pods Manifest.lock";
			outputPaths = (
				"$(DERIVED_FILE_DIR)/Pods-ios-test-input-system-1-checkManifestLockResult.txt",
			);
			runOnlyForDeploymentPostprocessing = 0;
			shellPath = /bin/sh;
			shellScript = "diff \"${PODS_PODFILE_DIR_PATH}/Podfile.lock\" \"${PODS_ROOT}/Manifest.lock\" > /dev/null\nif [ $? != 0 ] ; then\n    # print error to STDERR\n    echo \"error: The sandbox is not in sync with the Podfile.lock. Run 'pod install' or update your CocoaPods installation.\" >&2\n    exit 1\nfi\n# This output is used by Xcode 'outputs' to avoid re-running this script phase.\necho \"SUCCESS\" > \"${SCRIPT_OUTPUT_FILE_0}\"\n";
			showEnvVarsInLog = 0;
		};
		0EA478571493DAD1EBAFEB64 /* [CP] Embed Pods Frameworks */ = {
			isa = PBXShellScriptBuildPhase;
			buildActionMask = 2147483647;
			files = (
			);
			inputPaths = (
			);
			name = "[CP] Embed Pods Frameworks";
			outputPaths = (
			);
			runOnlyForDeploymentPostprocessing = 0;
			shellPath = /bin/sh;
			shellScript = "\"${SRCROOT}/Pods/Target Support Files/Pods-ios-test-input-system-1/Pods-ios-test-input-system-1-frameworks.sh\"\n";
			showEnvVarsInLog = 0;
		};
		DEAC20152054CFEC00EAD6F0 /* Run SwiftLint */ = {
			isa = PBXShellScriptBuildPhase;
			buildActionMask = 2147483647;
			files = (
			);
			inputPaths = (
			);
			name = "Run SwiftLint";
			outputPaths = (
			);
			runOnlyForDeploymentPostprocessing = 0;
			shellPath = /bin/sh;
			shellScript = "\"${PODS_ROOT}/SwiftLint/swiftlint\"";
		};
/* End PBXShellScriptBuildPhase section */

/* Begin PBXSourcesBuildPhase section */
		DEAC1FF52054C52500EAD6F0 /* Sources */ = {
			isa = PBXSourcesBuildPhase;
			buildActionMask = 2147483647;
			files = (
				DEAC201D2054DFDD00EAD6F0 /* Notifications.swift in Sources */,
				DEAC201F2054E52C00EAD6F0 /* TextDisplay.swift in Sources */,
				DE4577A520553FB90075469A /* Closures.swift in Sources */,
				DEAC20172054D2CF00EAD6F0 /* InputIntent.swift in Sources */,
				DEAC20192054D8A400EAD6F0 /* GestureInterface.swift in Sources */,
				DE4577A320553C0D0075469A /* Cube.swift in Sources */,
				DEAC1FFD2054C52500EAD6F0 /* AppDelegate.swift in Sources */,
				DEAC20132054C58900EAD6F0 /* MainViewController.swift in Sources */,
				DEAC201B2054D8B300EAD6F0 /* ButtonInterface.swift in Sources */,
			);
			runOnlyForDeploymentPostprocessing = 0;
		};
/* End PBXSourcesBuildPhase section */

/* Begin PBXVariantGroup section */
		DEAC20052054C52500EAD6F0 /* LaunchScreen.storyboard */ = {
			isa = PBXVariantGroup;
			children = (
				DEAC20062054C52500EAD6F0 /* Base */,
			);
			name = LaunchScreen.storyboard;
			sourceTree = "<group>";
		};
/* End PBXVariantGroup section */

/* Begin XCBuildConfiguration section */
		DEAC20092054C52500EAD6F0 /* Debug */ = {
			isa = XCBuildConfiguration;
			buildSettings = {
				ALWAYS_SEARCH_USER_PATHS = NO;
				CLANG_ANALYZER_NONNULL = YES;
				CLANG_ANALYZER_NUMBER_OBJECT_CONVERSION = YES_AGGRESSIVE;
				CLANG_CXX_LANGUAGE_STANDARD = "gnu++14";
				CLANG_CXX_LIBRARY = "libc++";
				CLANG_ENABLE_MODULES = YES;
				CLANG_ENABLE_OBJC_ARC = YES;
				CLANG_WARN_BLOCK_CAPTURE_AUTORELEASING = YES;
				CLANG_WARN_BOOL_CONVERSION = YES;
				CLANG_WARN_COMMA = YES;
				CLANG_WARN_CONSTANT_CONVERSION = YES;
				CLANG_WARN_DIRECT_OBJC_ISA_USAGE = YES_ERROR;
				CLANG_WARN_DOCUMENTATION_COMMENTS = YES;
				CLANG_WARN_EMPTY_BODY = YES;
				CLANG_WARN_ENUM_CONVERSION = YES;
				CLANG_WARN_INFINITE_RECURSION = YES;
				CLANG_WARN_INT_CONVERSION = YES;
				CLANG_WARN_NON_LITERAL_NULL_CONVERSION = YES;
				CLANG_WARN_OBJC_LITERAL_CONVERSION = YES;
				CLANG_WARN_OBJC_ROOT_CLASS = YES_ERROR;
				CLANG_WARN_RANGE_LOOP_ANALYSIS = YES;
				CLANG_WARN_STRICT_PROTOTYPES = YES;
				CLANG_WARN_SUSPICIOUS_MOVE = YES;
				CLANG_WARN_UNGUARDED_AVAILABILITY = YES_AGGRESSIVE;
				CLANG_WARN_UNREACHABLE_CODE = YES;
				CLANG_WARN__DUPLICATE_METHOD_MATCH = YES;
				CODE_SIGN_IDENTITY = "iPhone Developer";
				COPY_PHASE_STRIP = NO;
				DEBUG_INFORMATION_FORMAT = dwarf;
				ENABLE_STRICT_OBJC_MSGSEND = YES;
				ENABLE_TESTABILITY = YES;
				GCC_C_LANGUAGE_STANDARD = gnu11;
				GCC_DYNAMIC_NO_PIC = NO;
				GCC_NO_COMMON_BLOCKS = YES;
				GCC_OPTIMIZATION_LEVEL = 0;
				GCC_PREPROCESSOR_DEFINITIONS = (
					"DEBUG=1",
					"$(inherited)",
				);
				GCC_WARN_64_TO_32_BIT_CONVERSION = YES;
				GCC_WARN_ABOUT_RETURN_TYPE = YES_ERROR;
				GCC_WARN_UNDECLARED_SELECTOR = YES;
				GCC_WARN_UNINITIALIZED_AUTOS = YES_AGGRESSIVE;
				GCC_WARN_UNUSED_FUNCTION = YES;
				GCC_WARN_UNUSED_VARIABLE = YES;
				IPHONEOS_DEPLOYMENT_TARGET = 11.2;
				MTL_ENABLE_DEBUG_INFO = YES;
				ONLY_ACTIVE_ARCH = YES;
				SDKROOT = iphoneos;
				SWIFT_ACTIVE_COMPILATION_CONDITIONS = DEBUG;
				SWIFT_OPTIMIZATION_LEVEL = "-Onone";
			};
			name = Debug;
		};
		DEAC200A2054C52500EAD6F0 /* Release */ = {
			isa = XCBuildConfiguration;
			buildSettings = {
				ALWAYS_SEARCH_USER_PATHS = NO;
				CLANG_ANALYZER_NONNULL = YES;
				CLANG_ANALYZER_NUMBER_OBJECT_CONVERSION = YES_AGGRESSIVE;
				CLANG_CXX_LANGUAGE_STANDARD = "gnu++14";
				CLANG_CXX_LIBRARY = "libc++";
				CLANG_ENABLE_MODULES = YES;
				CLANG_ENABLE_OBJC_ARC = YES;
				CLANG_WARN_BLOCK_CAPTURE_AUTORELEASING = YES;
				CLANG_WARN_BOOL_CONVERSION = YES;
				CLANG_WARN_COMMA = YES;
				CLANG_WARN_CONSTANT_CONVERSION = YES;
				CLANG_WARN_DIRECT_OBJC_ISA_USAGE = YES_ERROR;
				CLANG_WARN_DOCUMENTATION_COMMENTS = YES;
				CLANG_WARN_EMPTY_BODY = YES;
				CLANG_WARN_ENUM_CONVERSION = YES;
				CLANG_WARN_INFINITE_RECURSION = YES;
				CLANG_WARN_INT_CONVERSION = YES;
				CLANG_WARN_NON_LITERAL_NULL_CONVERSION = YES;
				CLANG_WARN_OBJC_LITERAL_CONVERSION = YES;
				CLANG_WARN_OBJC_ROOT_CLASS = YES_ERROR;
				CLANG_WARN_RANGE_LOOP_ANALYSIS = YES;
				CLANG_WARN_STRICT_PROTOTYPES = YES;
				CLANG_WARN_SUSPICIOUS_MOVE = YES;
				CLANG_WARN_UNGUARDED_AVAILABILITY = YES_AGGRESSIVE;
				CLANG_WARN_UNREACHABLE_CODE = YES;
				CLANG_WARN__DUPLICATE_METHOD_MATCH = YES;
				CODE_SIGN_IDENTITY = "iPhone Developer";
				COPY_PHASE_STRIP = NO;
				DEBUG_INFORMATION_FORMAT = "dwarf-with-dsym";
				ENABLE_NS_ASSERTIONS = NO;
				ENABLE_STRICT_OBJC_MSGSEND = YES;
				GCC_C_LANGUAGE_STANDARD = gnu11;
				GCC_NO_COMMON_BLOCKS = YES;
				GCC_WARN_64_TO_32_BIT_CONVERSION = YES;
				GCC_WARN_ABOUT_RETURN_TYPE = YES_ERROR;
				GCC_WARN_UNDECLARED_SELECTOR = YES;
				GCC_WARN_UNINITIALIZED_AUTOS = YES_AGGRESSIVE;
				GCC_WARN_UNUSED_FUNCTION = YES;
				GCC_WARN_UNUSED_VARIABLE = YES;
				IPHONEOS_DEPLOYMENT_TARGET = 11.2;
				MTL_ENABLE_DEBUG_INFO = NO;
				SDKROOT = iphoneos;
				SWIFT_OPTIMIZATION_LEVEL = "-Owholemodule";
				VALIDATE_PRODUCT = YES;
			};
			name = Release;
		};
		DEAC200C2054C52500EAD6F0 /* Debug */ = {
			isa = XCBuildConfiguration;
			baseConfigurationReference = 1D4EC7C8BD8C4C550BE4AAC2 /* Pods-ios-test-input-system-1.debug.xcconfig */;
			buildSettings = {
				ASSETCATALOG_COMPILER_APPICON_NAME = AppIcon;
				CODE_SIGN_STYLE = Automatic;
				DEVELOPMENT_TEAM = 5DY2MSCET8;
				INFOPLIST_FILE = "ios-test-input-system-1/Info.plist";
				LD_RUNPATH_SEARCH_PATHS = "$(inherited) @executable_path/Frameworks";
				PRODUCT_BUNDLE_IDENTIFIER = "com.louisfoster.ios-test-input-system-1";
				PRODUCT_NAME = "$(TARGET_NAME)";
				SWIFT_VERSION = 4.0;
				TARGETED_DEVICE_FAMILY = "1,2";
			};
			name = Debug;
		};
		DEAC200D2054C52500EAD6F0 /* Release */ = {
			isa = XCBuildConfiguration;
			baseConfigurationReference = DE1229397960D1C230C9B93F /* Pods-ios-test-input-system-1.release.xcconfig */;
			buildSettings = {
				ASSETCATALOG_COMPILER_APPICON_NAME = AppIcon;
				CODE_SIGN_STYLE = Automatic;
				DEVELOPMENT_TEAM = 5DY2MSCET8;
				INFOPLIST_FILE = "ios-test-input-system-1/Info.plist";
				LD_RUNPATH_SEARCH_PATHS = "$(inherited) @executable_path/Frameworks";
				PRODUCT_BUNDLE_IDENTIFIER = "com.louisfoster.ios-test-input-system-1";
				PRODUCT_NAME = "$(TARGET_NAME)";
				SWIFT_VERSION = 4.0;
				TARGETED_DEVICE_FAMILY = "1,2";
			};
			name = Release;
		};
/* End XCBuildConfiguration section */

/* Begin XCConfigurationList section */
		DEAC1FF42054C52500EAD6F0 /* Build configuration list for PBXProject "ios-test-input-system-1" */ = {
			isa = XCConfigurationList;
			buildConfigurations = (
				DEAC20092054C52500EAD6F0 /* Debug */,
				DEAC200A2054C52500EAD6F0 /* Release */,
			);
			defaultConfigurationIsVisible = 0;
			defaultConfigurationName = Release;
		};
		DEAC200B2054C52500EAD6F0 /* Build configuration list for PBXNativeTarget "ios-test-input-system-1" */ = {
			isa = XCConfigurationList;
			buildConfigurations = (
				DEAC200C2054C52500EAD6F0 /* Debug */,
				DEAC200D2054C52500EAD6F0 /* Release */,
			);
			defaultConfigurationIsVisible = 0;
			defaultConfigurationName = Release;
		};
/* End XCConfigurationList section */
	};
	rootObject = DEAC1FF12054C52500EAD6F0 /* Project object */;
}
